
Microsoft Visual Studio Solution File, Format Version 12.00
# Visual Studio 15
VisualStudioVersion = 15.0.28307.329
MinimumVisualStudioVersion = 10.0.40219.1
Project("{FAE04EC0-301F-11D3-BF4B-00C04F79EFBC}") = "VideoGames", "VideoGames\VideoGames.csproj", "{720893BC-E0A1-4A15-91C8-A0974288CF16}"
EndProject
Global
	GlobalSection(SolutionConfigurationPlatforms) = preSolution
		Debug|Any CPU = Debug|Any CPU
		Release|Any CPU = Release|Any CPU
	EndGlobalSection
	GlobalSection(ProjectConfigurationPlatforms) = postSolution
		{720893BC-E0A1-4A15-91C8-A0974288CF16}.Debug|Any CPU.ActiveCfg = Debug|Any CPU
		{720893BC-E0A1-4A15-91C8-A0974288CF16}.Debug|Any CPU.Build.0 = Debug|Any CPU
		{720893BC-E0A1-4A15-91C8-A0974288CF16}.Release|Any CPU.ActiveCfg = Release|Any CPU
		{720893BC-E0A1-4A15-91C8-A0974288CF16}.Release|Any CPU.Build.0 = Release|Any CPU
	EndGlobalSection
	GlobalSection(SolutionProperties) = preSolution
		HideSolutionNode = FALSE
	EndGlobalSection
	GlobalSection(ExtensibilityGlobals) = postSolution
		SolutionGuid = {78419B24-1443-459D-8832-D33B753AF554}
	EndGlobalSection
EndGlobal
